
Microsoft Visual Studio Solution File, Format Version 12.00
# Visual Studio Version 17
VisualStudioVersion = 17.11.35219.272
MinimumVisualStudioVersion = 10.0.40219.1
Project("{FAE04EC0-301F-11D3-BF4B-00C04F79EFBC}") = "PasswortManager", "PasswortManager.csproj", "{6C0CE578-D3AE-41C1-8006-1F081BC1DC3D}"
EndProject
Global
	GlobalSection(SolutionConfigurationPlatforms) = preSolution
		Debug|Any CPU = Debug|Any CPU
		Release|Any CPU = Release|Any CPU
	EndGlobalSection
	GlobalSection(ProjectConfigurationPlatforms) = postSolution
		{6C0CE578-D3AE-41C1-8006-1F081BC1DC3D}.Debug|Any CPU.ActiveCfg = Debug|Any CPU
		{6C0CE578-D3AE-41C1-8006-1F081BC1DC3D}.Debug|Any CPU.Build.0 = Debug|Any CPU
		{6C0CE578-D3AE-41C1-8006-1F081BC1DC3D}.Release|Any CPU.ActiveCfg = Release|Any CPU
		{6C0CE578-D3AE-41C1-8006-1F081BC1DC3D}.Release|Any CPU.Build.0 = Release|Any CPU
	EndGlobalSection
	GlobalSection(SolutionProperties) = preSolution
		HideSolutionNode = FALSE
	EndGlobalSection
	GlobalSection(ExtensibilityGlobals) = postSolution
		SolutionGuid = {251F742A-B3E3-4137-9BCD-610EF1ED3EEE}
	EndGlobalSection
EndGlobal
